
Microsoft Visual Studio Solution File, Format Version 12.00
# Visual Studio 15
VisualStudioVersion = 15.0.28010.2048
MinimumVisualStudioVersion = 10.0.40219.1
Project("{9A19103F-16F7-4668-BE54-9A1E7A4F7556}") = "PDJaya.WebApp", "PDJaya.WebApp\PDJaya.WebApp.csproj", "{409317AF-7A40-4B1F-AE6B-F3F8131E55B0}"
EndProject
Global
	GlobalSection(SolutionConfigurationPlatforms) = preSolution
		Debug|Any CPU = Debug|Any CPU
		Release|Any CPU = Release|Any CPU
	EndGlobalSection
	GlobalSection(ProjectConfigurationPlatforms) = postSolution
		{409317AF-7A40-4B1F-AE6B-F3F8131E55B0}.Debug|Any CPU.ActiveCfg = Debug|Any CPU
		{409317AF-7A40-4B1F-AE6B-F3F8131E55B0}.Debug|Any CPU.Build.0 = Debug|Any CPU
		{409317AF-7A40-4B1F-AE6B-F3F8131E55B0}.Release|Any CPU.ActiveCfg = Release|Any CPU
		{409317AF-7A40-4B1F-AE6B-F3F8131E55B0}.Release|Any CPU.Build.0 = Release|Any CPU
	EndGlobalSection
	GlobalSection(SolutionProperties) = preSolution
		HideSolutionNode = FALSE
	EndGlobalSection
	GlobalSection(ExtensibilityGlobals) = postSolution
		SolutionGuid = {586DC94E-B761-4EFB-A9C5-5D07FA265E15}
	EndGlobalSection
EndGlobal
